// !$*UTF8*$!
{
	archiveVersion = 1;
	classes = {
	};
	objectVersion = 46;
	objects = {

/* Begin PBXBuildFile section */
		AC2758F222021C2400B4A942 /* main.m in Sources */ = {isa = PBXBuildFile; fileRef = AC2758F122021C2400B4A942 /* main.m */; };
		AC2758F522021C2400B4A942 /* AppDelegate.m in Sources */ = {isa = PBXBuildFile; fileRef = AC2758F422021C2400B4A942 /* AppDelegate.m */; };
		AC2758F822021C2400B4A942 /* ViewController.m in Sources */ = {isa = PBXBuildFile; fileRef = AC2758F722021C2400B4A942 /* ViewController.m */; };
		AC2758FB22021C2400B4A942 /* Main.storyboard in Resources */ = {isa = PBXBuildFile; fileRef = AC2758F922021C2400B4A942 /* Main.storyboard */; };
		AC2758FD22021C2400B4A942 /* Assets.xcassets in Resources */ = {isa = PBXBuildFile; fileRef = AC2758FC22021C2400B4A942 /* Assets.xcassets */; };
		AC27590022021C2400B4A942 /* LaunchScreen.storyboard in Resources */ = {isa = PBXBuildFile; fileRef = AC2758FE22021C2400B4A942 /* LaunchScreen.storyboard */; };
		ACA0BCA42209DBCF0079C761 /* TileInformation.m in Sources */ = {isa = PBXBuildFile; fileRef = ACA0BCA32209DBCF0079C761 /* TileInformation.m */; };
/* End PBXBuildFile section */

/* Begin PBXFileReference section */
		AC2758ED22021C2400B4A942 /* TwentyFortyEightris.app */ = {isa = PBXFileReference; explicitFileType = wrapper.application; includeInIndex = 0; path = TwentyFortyEightris.app; sourceTree = BUILT_PRODUCTS_DIR; };
		AC2758F122021C2400B4A942 /* main.m */ = {isa = PBXFileReference; lastKnownFileType = sourcecode.c.objc; path = main.m; sourceTree = "<group>"; };
		AC2758F322021C2400B4A942 /* AppDelegate.h */ = {isa = PBXFileReference; lastKnownFileType = sourcecode.c.h; path = AppDelegate.h; sourceTree = "<group>"; };
		AC2758F422021C2400B4A942 /* AppDelegate.m */ = {isa = PBXFileReference; lastKnownFileType = sourcecode.c.objc; path = AppDelegate.m; sourceTree = "<group>"; };
		AC2758F622021C2400B4A942 /* ViewController.h */ = {isa = PBXFileReference; lastKnownFileType = sourcecode.c.h; path = ViewController.h; sourceTree = "<group>"; };
		AC2758F722021C2400B4A942 /* ViewController.m */ = {isa = PBXFileReference; lastKnownFileType = sourcecode.c.objc; path = ViewController.m; sourceTree = "<group>"; };
		AC2758FA22021C2400B4A942 /* Base */ = {isa = PBXFileReference; lastKnownFileType = file.storyboard; name = Base; path = Base.lproj/Main.storyboard; sourceTree = "<group>"; };
		AC2758FC22021C2400B4A942 /* Assets.xcassets */ = {isa = PBXFileReference; lastKnownFileType = folder.assetcatalog; path = Assets.xcassets; sourceTree = "<group>"; };
		AC2758FF22021C2400B4A942 /* Base */ = {isa = PBXFileReference; lastKnownFileType = file.storyboard; name = Base; path = Base.lproj/LaunchScreen.storyboard; sourceTree = "<group>"; };
		AC27590122021C2400B4A942 /* Info.plist */ = {isa = PBXFileReference; lastKnownFileType = text.plist.xml; path = Info.plist; sourceTree = "<group>"; };
		ACA0BCA22209DBCF0079C761 /* TileInformation.h */ = {isa = PBXFileReference; fileEncoding = 4; lastKnownFileType = sourcecode.c.h; path = TileInformation.h; sourceTree = "<group>"; };
		ACA0BCA32209DBCF0079C761 /* TileInformation.m */ = {isa = PBXFileReference; fileEncoding = 4; lastKnownFileType = sourcecode.c.objc; path = TileInformation.m; sourceTree = "<group>"; };
/* End PBXFileReference section */

/* Begin PBXFrameworksBuildPhase section */
		AC2758EA22021C2300B4A942 /* Frameworks */ = {
			isa = PBXFrameworksBuildPhase;
			buildActionMask = 2147483647;
			files = (
			);
			runOnlyForDeploymentPostprocessing = 0;
		};
/* End PBXFrameworksBuildPhase section */

/* Begin PBXGroup section */
		AC2758E422021C2300B4A942 = {
			isa = PBXGroup;
			children = (
				AC2758EF22021C2400B4A942 /* TwentyFortyEightris */,
				AC2758EE22021C2400B4A942 /* Products */,
			);
			sourceTree = "<group>";
		};
		AC2758EE22021C2400B4A942 /* Products */ = {
			isa = PBXGroup;
			children = (
				AC2758ED22021C2400B4A942 /* TwentyFortyEightris.app */,
			);
			name = Products;
			sourceTree = "<group>";
		};
		AC2758EF22021C2400B4A942 /* TwentyFortyEightris */ = {
			isa = PBXGroup;
			children = (
				AC2758F322021C2400B4A942 /* AppDelegate.h */,
				AC2758F422021C2400B4A942 /* AppDelegate.m */,
				AC2758F622021C2400B4A942 /* ViewController.h */,
				AC2758F722021C2400B4A942 /* ViewController.m */,
				AC2758F922021C2400B4A942 /* Main.storyboard */,
				AC2758FC22021C2400B4A942 /* Assets.xcassets */,
				AC2758FE22021C2400B4A942 /* LaunchScreen.storyboard */,
				AC27590122021C2400B4A942 /* Info.plist */,
				AC2758F022021C2400B4A942 /* Supporting Files */,
				ACA0BCA22209DBCF0079C761 /* TileInformation.h */,
				ACA0BCA32209DBCF0079C761 /* TileInformation.m */,
			);
			path = TwentyFortyEightris;
			sourceTree = "<group>";
		};
		AC2758F022021C2400B4A942 /* Supporting Files */ = {
			isa = PBXGroup;
			children = (
				AC2758F122021C2400B4A942 /* main.m */,
			);
			name = "Supporting Files";
			sourceTree = "<group>";
		};
/* End PBXGroup section */

/* Begin PBXNativeTarget section */
		AC2758EC22021C2300B4A942 /* TwentyFortyEightris */ = {
			isa = PBXNativeTarget;
			buildConfigurationList = AC27590422021C2400B4A942 /* Build configuration list for PBXNativeTarget "TwentyFortyEightris" */;
			buildPhases = (
				AC2758E922021C2300B4A942 /* Sources */,
				AC2758EA22021C2300B4A942 /* Frameworks */,
				AC2758EB22021C2300B4A942 /* Resources */,
			);
			buildRules = (
			);
			dependencies = (
			);
			name = TwentyFortyEightris;
			productName = TwentyFortyEightris;
			productReference = AC2758ED22021C2400B4A942 /* TwentyFortyEightris.app */;
			productType = "com.apple.product-type.application";
		};
/* End PBXNativeTarget section */

/* Begin PBXProject section */
		AC2758E522021C2300B4A942 /* Project object */ = {
			isa = PBXProject;
			attributes = {
				LastUpgradeCheck = 0820;
				ORGANIZATIONNAME = "Anthony Caligure";
				TargetAttributes = {
					AC2758EC22021C2300B4A942 = {
						CreatedOnToolsVersion = 8.2.1;
						ProvisioningStyle = Automatic;
					};
				};
			};
			buildConfigurationList = AC2758E822021C2300B4A942 /* Build configuration list for PBXProject "TwentyFortyEightris" */;
			compatibilityVersion = "Xcode 3.2";
			developmentRegion = English;
			hasScannedForEncodings = 0;
			knownRegions = (
				en,
				Base,
			);
			mainGroup = AC2758E422021C2300B4A942;
			productRefGroup = AC2758EE22021C2400B4A942 /* Products */;
			projectDirPath = "";
			projectRoot = "";
			targets = (
				AC2758EC22021C2300B4A942 /* TwentyFortyEightris */,
			);
		};
/* End PBXProject section */

/* Begin PBXResourcesBuildPhase section */
		AC2758EB22021C2300B4A942 /* Resources */ = {
			isa = PBXResourcesBuildPhase;
			buildActionMask = 2147483647;
			files = (
				AC27590022021C2400B4A942 /* LaunchScreen.storyboard in Resources */,
				AC2758FD22021C2400B4A942 /* Assets.xcassets in Resources */,
				AC2758FB22021C2400B4A942 /* Main.storyboard in Resources */,
			);
			runOnlyForDeploymentPostprocessing = 0;
		};
/* End PBXResourcesBuildPhase section */

/* Begin PBXSourcesBuildPhase section */
		AC2758E922021C2300B4A942 /* Sources */ = {
			isa = PBXSourcesBuildPhase;
			buildActionMask = 2147483647;
			files = (
				ACA0BCA42209DBCF0079C761 /* TileInformation.m in Sources */,
				AC2758F822021C2400B4A942 /* ViewController.m in Sources */,
				AC2758F522021C2400B4A942 /* AppDelegate.m in Sources */,
				AC2758F222021C2400B4A942 /* main.m in Sources */,
			);
			runOnlyForDeploymentPostprocessing = 0;
		};
/* End PBXSourcesBuildPhase section */

/* Begin PBXVariantGroup section */
		AC2758F922021C2400B4A942 /* Main.storyboard */ = {
			isa = PBXVariantGroup;
			children = (
				AC2758FA22021C2400B4A942 /* Base */,
			);
			name = Main.storyboard;
			sourceTree = "<group>";
		};
		AC2758FE22021C2400B4A942 /* LaunchScreen.storyboard */ = {
			isa = PBXVariantGroup;
			children = (
				AC2758FF22021C2400B4A942 /* Base */,
			);
			name = LaunchScreen.storyboard;
			sourceTree = "<group>";
		};
/* End PBXVariantGroup section */

/* Begin XCBuildConfiguration section */
		AC27590222021C2400B4A942 /* Debug */ = {
			isa = XCBuildConfiguration;
			buildSettings = {
				ALWAYS_SEARCH_USER_PATHS = NO;
				CLANG_ANALYZER_NONNULL = YES;
				CLANG_CXX_LANGUAGE_STANDARD = "gnu++0x";
				CLANG_CXX_LIBRARY = "libc++";
				CLANG_ENABLE_MODULES = YES;
				CLANG_ENABLE_OBJC_ARC = YES;
				CLANG_WARN_BOOL_CONVERSION = YES;
				CLANG_WARN_CONSTANT_CONVERSION = YES;
				CLANG_WARN_DIRECT_OBJC_ISA_USAGE = YES_ERROR;
				CLANG_WARN_DOCUMENTATION_COMMENTS = YES;
				CLANG_WARN_EMPTY_BODY = YES;
				CLANG_WARN_ENUM_CONVERSION = YES;
				CLANG_WARN_INFINITE_RECURSION = YES;
				CLANG_WARN_INT_CONVERSION = YES;
				CLANG_WARN_OBJC_ROOT_CLASS = YES_ERROR;
				CLANG_WARN_SUSPICIOUS_MOVE = YES;
				CLANG_WARN_UNREACHABLE_CODE = YES;
				CLANG_WARN__DUPLICATE_METHOD_MATCH = YES;
				"CODE_SIGN_IDENTITY[sdk=iphoneos*]" = "iPhone Developer";
				COPY_PHASE_STRIP = NO;
				DEBUG_INFORMATION_FORMAT = dwarf;
				ENABLE_STRICT_OBJC_MSGSEND = YES;
				ENABLE_TESTABILITY = YES;
				GCC_C_LANGUAGE_STANDARD = gnu99;
				GCC_DYNAMIC_NO_PIC = NO;
				GCC_NO_COMMON_BLOCKS = YES;
				GCC_OPTIMIZATION_LEVEL = 0;
				GCC_PREPROCESSOR_DEFINITIONS = (
					"DEBUG=1",
					"$(inherited)",
				);
				GCC_WARN_64_TO_32_BIT_CONVERSION = YES;
				GCC_WARN_ABOUT_RETURN_TYPE = YES_ERROR;
				GCC_WARN_UNDECLARED_SELECTOR = YES;
				GCC_WARN_UNINITIALIZED_AUTOS = YES_AGGRESSIVE;
				GCC_WARN_UNUSED_FUNCTION = YES;
				GCC_WARN_UNUSED_VARIABLE = YES;
				IPHONEOS_DEPLOYMENT_TARGET = 10.2;
				MTL_ENABLE_DEBUG_INFO = YES;
				ONLY_ACTIVE_ARCH = YES;
				SDKROOT = iphoneos;
				TARGETED_DEVICE_FAMILY = "1,2";
			};
			name = Debug;
		};
		AC27590322021C2400B4A942 /* Release */ = {
			isa = XCBuildConfiguration;
			buildSettings = {
				ALWAYS_SEARCH_USER_PATHS = NO;
				CLANG_ANALYZER_NONNULL = YES;
				CLANG_CXX_LANGUAGE_STANDARD = "gnu++0x";
				CLANG_CXX_LIBRARY = "libc++";
				CLANG_ENABLE_MODULES = YES;
				CLANG_ENABLE_OBJC_ARC = YES;
				CLANG_WARN_BOOL_CONVERSION = YES;
				CLANG_WARN_CONSTANT_CONVERSION = YES;
				CLANG_WARN_DIRECT_OBJC_ISA_USAGE = YES_ERROR;
				CLANG_WARN_DOCUMENTATION_COMMENTS = YES;
				CLANG_WARN_EMPTY_BODY = YES;
				CLANG_WARN_ENUM_CONVERSION = YES;
				CLANG_WARN_INFINITE_RECURSION = YES;
				CLANG_WARN_INT_CONVERSION = YES;
				CLANG_WARN_OBJC_ROOT_CLASS = YES_ERROR;
				CLANG_WARN_SUSPICIOUS_MOVE = YES;
				CLANG_WARN_UNREACHABLE_CODE = YES;
				CLANG_WARN__DUPLICATE_METHOD_MATCH = YES;
				"CODE_SIGN_IDENTITY[sdk=iphoneos*]" = "iPhone Developer";
				COPY_PHASE_STRIP = NO;
				DEBUG_INFORMATION_FORMAT = "dwarf-with-dsym";
				ENABLE_NS_ASSERTIONS = NO;
				ENABLE_STRICT_OBJC_MSGSEND = YES;
				GCC_C_LANGUAGE_STANDARD = gnu99;
				GCC_NO_COMMON_BLOCKS = YES;
				GCC_WARN_64_TO_32_BIT_CONVERSION = YES;
				GCC_WARN_ABOUT_RETURN_TYPE = YES_ERROR;
				GCC_WARN_UNDECLARED_SELECTOR = YES;
				GCC_WARN_UNINITIALIZED_AUTOS = YES_AGGRESSIVE;
				GCC_WARN_UNUSED_FUNCTION = YES;
				GCC_WARN_UNUSED_VARIABLE = YES;
				IPHONEOS_DEPLOYMENT_TARGET = 10.2;
				MTL_ENABLE_DEBUG_INFO = NO;
				SDKROOT = iphoneos;
				TARGETED_DEVICE_FAMILY = "1,2";
				VALIDATE_PRODUCT = YES;
			};
			name = Release;
		};
		AC27590522021C2400B4A942 /* Debug */ = {
			isa = XCBuildConfiguration;
			buildSettings = {
				ASSETCATALOG_COMPILER_APPICON_NAME = AppIcon;
				INFOPLIST_FILE = TwentyFortyEightris/Info.plist;
				IPHONEOS_DEPLOYMENT_TARGET = 10.2;
				LD_RUNPATH_SEARCH_PATHS = "$(inherited) @executable_path/Frameworks";
				PRODUCT_BUNDLE_IDENTIFIER = AnthonyCaligure.TwentyFortyEightris;
				PRODUCT_NAME = "$(TARGET_NAME)";
				TARGETED_DEVICE_FAMILY = "1,2";
			};
			name = Debug;
		};
		AC27590622021C2400B4A942 /* Release */ = {
			isa = XCBuildConfiguration;
			buildSettings = {
				ASSETCATALOG_COMPILER_APPICON_NAME = AppIcon;
				INFOPLIST_FILE = TwentyFortyEightris/Info.plist;
				IPHONEOS_DEPLOYMENT_TARGET = 10.2;
				LD_RUNPATH_SEARCH_PATHS = "$(inherited) @executable_path/Frameworks";
				PRODUCT_BUNDLE_IDENTIFIER = AnthonyCaligure.TwentyFortyEightris;
				PRODUCT_NAME = "$(TARGET_NAME)";
				TARGETED_DEVICE_FAMILY = "1,2";
			};
			name = Release;
		};
/* End XCBuildConfiguration section */

/* Begin XCConfigurationList section */
		AC2758E822021C2300B4A942 /* Build configuration list for PBXProject "TwentyFortyEightris" */ = {
			isa = XCConfigurationList;
			buildConfigurations = (
				AC27590222021C2400B4A942 /* Debug */,
				AC27590322021C2400B4A942 /* Release */,
			);
			defaultConfigurationIsVisible = 0;
			defaultConfigurationName = Release;
		};
		AC27590422021C2400B4A942 /* Build configuration list for PBXNativeTarget "TwentyFortyEightris" */ = {
			isa = XCConfigurationList;
			buildConfigurations = (
				AC27590522021C2400B4A942 /* Debug */,
				AC27590622021C2400B4A942 /* Release */,
			);
			defaultConfigurationIsVisible = 0;
			defaultConfigurationName = Release;
		};
/* End XCConfigurationList section */
	};
	rootObject = AC2758E522021C2300B4A942 /* Project object */;
}
